
Microsoft Visual Studio Solution File, Format Version 12.00
# Visual Studio Version 16
VisualStudioVersion = 16.0.30413.136
MinimumVisualStudioVersion = 10.0.40219.1
Project("{FAE04EC0-301F-11D3-BF4B-00C04F79EFBC}") = "Assessment", "Assessment\Assessment.csproj", "{05B9F8BF-8E21-4C13-BDD0-B4C643F28E6B}"
EndProject
Global
	GlobalSection(SolutionConfigurationPlatforms) = preSolution
		Debug|Any CPU = Debug|Any CPU
		Release|Any CPU = Release|Any CPU
	EndGlobalSection
	GlobalSection(ProjectConfigurationPlatforms) = postSolution
		{05B9F8BF-8E21-4C13-BDD0-B4C643F28E6B}.Debug|Any CPU.ActiveCfg = Debug|Any CPU
		{05B9F8BF-8E21-4C13-BDD0-B4C643F28E6B}.Debug|Any CPU.Build.0 = Debug|Any CPU
		{05B9F8BF-8E21-4C13-BDD0-B4C643F28E6B}.Release|Any CPU.ActiveCfg = Release|Any CPU
		{05B9F8BF-8E21-4C13-BDD0-B4C643F28E6B}.Release|Any CPU.Build.0 = Release|Any CPU
	EndGlobalSection
	GlobalSection(SolutionProperties) = preSolution
		HideSolutionNode = FALSE
	EndGlobalSection
	GlobalSection(ExtensibilityGlobals) = postSolution
		SolutionGuid = {2E12DD8E-93C2-4FA5-BAEC-1AFA2C0BA962}
	EndGlobalSection
EndGlobal
